
Microsoft Visual Studio Solution File, Format Version 12.00
# Visual Studio Version 17
VisualStudioVersion = 17.0.31717.71
MinimumVisualStudioVersion = 10.0.40219.1
Project("{FAE04EC0-301F-11D3-BF4B-00C04F79EFBC}") = "MinimalApi-net6", "MinimalApi-net6\MinimalApi-net6.csproj", "{87CAC18C-2623-4E66-AA2E-4D8A468C9A50}"
EndProject
Global
	GlobalSection(SolutionConfigurationPlatforms) = preSolution
		Debug|Any CPU = Debug|Any CPU
		Release|Any CPU = Release|Any CPU
	EndGlobalSection
	GlobalSection(ProjectConfigurationPlatforms) = postSolution
		{87CAC18C-2623-4E66-AA2E-4D8A468C9A50}.Debug|Any CPU.ActiveCfg = Debug|Any CPU
		{87CAC18C-2623-4E66-AA2E-4D8A468C9A50}.Debug|Any CPU.Build.0 = Debug|Any CPU
		{87CAC18C-2623-4E66-AA2E-4D8A468C9A50}.Release|Any CPU.ActiveCfg = Release|Any CPU
		{87CAC18C-2623-4E66-AA2E-4D8A468C9A50}.Release|Any CPU.Build.0 = Release|Any CPU
	EndGlobalSection
	GlobalSection(SolutionProperties) = preSolution
		HideSolutionNode = FALSE
	EndGlobalSection
	GlobalSection(ExtensibilityGlobals) = postSolution
		SolutionGuid = {5C0328EA-7624-40A6-BAB5-F4118DAF2DF0}
	EndGlobalSection
EndGlobal
